
Microsoft Visual Studio Solution File, Format Version 12.00
# Visual Studio Version 17
VisualStudioVersion = 17.9.34701.34
MinimumVisualStudioVersion = 10.0.40219.1
Project("{9A19103F-16F7-4668-BE54-9A1E7A4F7556}") = "WorldCities.Server", "WorldCities.Server\WorldCities.Server.csproj", "{C3892062-82A8-4CEF-AEBB-F607E68FD0BC}"
EndProject
Project("{54A90642-561A-4BB1-A94E-469ADEE60C69}") = "worldcities.client", "worldcities.client\worldcities.client.esproj", "{12105D09-4F14-4533-A1A2-00FC740D9A05}"
EndProject
Project("{9A19103F-16F7-4668-BE54-9A1E7A4F7556}") = "WorldCities.Server.Tests", "WorldCities.Server.Tests\WorldCities.Server.Tests.csproj", "{40985BD2-12E7-4E9D-A033-CA36B34D6312}"
EndProject
Global
	GlobalSection(SolutionConfigurationPlatforms) = preSolution
		Debug|Any CPU = Debug|Any CPU
		Release|Any CPU = Release|Any CPU
	EndGlobalSection
	GlobalSection(ProjectConfigurationPlatforms) = postSolution
		{C3892062-82A8-4CEF-AEBB-F607E68FD0BC}.Debug|Any CPU.ActiveCfg = Debug|Any CPU
		{C3892062-82A8-4CEF-AEBB-F607E68FD0BC}.Debug|Any CPU.Build.0 = Debug|Any CPU
		{C3892062-82A8-4CEF-AEBB-F607E68FD0BC}.Release|Any CPU.ActiveCfg = Release|Any CPU
		{C3892062-82A8-4CEF-AEBB-F607E68FD0BC}.Release|Any CPU.Build.0 = Release|Any CPU
		{12105D09-4F14-4533-A1A2-00FC740D9A05}.Debug|Any CPU.ActiveCfg = Debug|Any CPU
		{12105D09-4F14-4533-A1A2-00FC740D9A05}.Debug|Any CPU.Build.0 = Debug|Any CPU
		{12105D09-4F14-4533-A1A2-00FC740D9A05}.Debug|Any CPU.Deploy.0 = Debug|Any CPU
		{12105D09-4F14-4533-A1A2-00FC740D9A05}.Release|Any CPU.ActiveCfg = Release|Any CPU
		{12105D09-4F14-4533-A1A2-00FC740D9A05}.Release|Any CPU.Build.0 = Release|Any CPU
		{12105D09-4F14-4533-A1A2-00FC740D9A05}.Release|Any CPU.Deploy.0 = Release|Any CPU
		{40985BD2-12E7-4E9D-A033-CA36B34D6312}.Debug|Any CPU.ActiveCfg = Debug|Any CPU
		{40985BD2-12E7-4E9D-A033-CA36B34D6312}.Debug|Any CPU.Build.0 = Debug|Any CPU
		{40985BD2-12E7-4E9D-A033-CA36B34D6312}.Release|Any CPU.ActiveCfg = Release|Any CPU
		{40985BD2-12E7-4E9D-A033-CA36B34D6312}.Release|Any CPU.Build.0 = Release|Any CPU
	EndGlobalSection
	GlobalSection(SolutionProperties) = preSolution
		HideSolutionNode = FALSE
	EndGlobalSection
	GlobalSection(ExtensibilityGlobals) = postSolution
		SolutionGuid = {EE649B9C-C449-45ED-9B19-7D2FD2CAB795}
	EndGlobalSection
EndGlobal
